// !$*UTF8*$!
{
	archiveVersion = 1;
	classes = {
	};
	objectVersion = 46;
	objects = {

/* Begin PBXBuildFile section */
		B4ADAFC81C3C08CB0044899B /* AppDelegate.m in Sources */ = {isa = PBXBuildFile; fileRef = B4ADAFC71C3C08CB0044899B /* AppDelegate.m */; };
		B4ADAFCB1C3C08CB0044899B /* main.m in Sources */ = {isa = PBXBuildFile; fileRef = B4ADAFCA1C3C08CB0044899B /* main.m */; };
		B4ADAFCD1C3C08CB0044899B /* Assets.xcassets in Resources */ = {isa = PBXBuildFile; fileRef = B4ADAFCC1C3C08CB0044899B /* Assets.xcassets */; };
		B4ADAFD01C3C08CB0044899B /* MainMenu.xib in Resources */ = {isa = PBXBuildFile; fileRef = B4ADAFCE1C3C08CB0044899B /* MainMenu.xib */; };
		B4ADAFD91C3C08FD0044899B /* CustomView.m in Sources */ = {isa = PBXBuildFile; fileRef = B4ADAFD81C3C08FD0044899B /* CustomView.m */; };
/* End PBXBuildFile section */

/* Begin PBXFileReference section */
		B4ADAFC31C3C08CA0044899B /* DrawingOnView.app */ = {isa = PBXFileReference; explicitFileType = wrapper.application; includeInIndex = 0; path = DrawingOnView.app; sourceTree = BUILT_PRODUCTS_DIR; };
		B4ADAFC61C3C08CB0044899B /* AppDelegate.h */ = {isa = PBXFileReference; lastKnownFileType = sourcecode.c.h; path = AppDelegate.h; sourceTree = "<group>"; };
		B4ADAFC71C3C08CB0044899B /* AppDelegate.m */ = {isa = PBXFileReference; lastKnownFileType = sourcecode.c.objc; path = AppDelegate.m; sourceTree = "<group>"; };
		B4ADAFCA1C3C08CB0044899B /* main.m */ = {isa = PBXFileReference; lastKnownFileType = sourcecode.c.objc; path = main.m; sourceTree = "<group>"; };
		B4ADAFCC1C3C08CB0044899B /* Assets.xcassets */ = {isa = PBXFileReference; lastKnownFileType = folder.assetcatalog; path = Assets.xcassets; sourceTree = "<group>"; };
		B4ADAFCF1C3C08CB0044899B /* Base */ = {isa = PBXFileReference; lastKnownFileType = file.xib; name = Base; path = Base.lproj/MainMenu.xib; sourceTree = "<group>"; };
		B4ADAFD11C3C08CB0044899B /* Info.plist */ = {isa = PBXFileReference; lastKnownFileType = text.plist.xml; path = Info.plist; sourceTree = "<group>"; };
		B4ADAFD71C3C08FD0044899B /* CustomView.h */ = {isa = PBXFileReference; fileEncoding = 4; lastKnownFileType = sourcecode.c.h; path = CustomView.h; sourceTree = "<group>"; };
		B4ADAFD81C3C08FD0044899B /* CustomView.m */ = {isa = PBXFileReference; fileEncoding = 4; lastKnownFileType = sourcecode.c.objc; path = CustomView.m; sourceTree = "<group>"; };
/* End PBXFileReference section */

/* Begin PBXFrameworksBuildPhase section */
		B4ADAFC01C3C08CA0044899B /* Frameworks */ = {
			isa = PBXFrameworksBuildPhase;
			buildActionMask = 2147483647;
			files = (
			);
			runOnlyForDeploymentPostprocessing = 0;
		};
/* End PBXFrameworksBuildPhase section */

/* Begin PBXGroup section */
		B4ADAFBA1C3C08CA0044899B = {
			isa = PBXGroup;
			children = (
				B4ADAFC51C3C08CA0044899B /* DrawingOnView */,
				B4ADAFC41C3C08CA0044899B /* Products */,
			);
			sourceTree = "<group>";
		};
		B4ADAFC41C3C08CA0044899B /* Products */ = {
			isa = PBXGroup;
			children = (
				B4ADAFC31C3C08CA0044899B /* DrawingOnView.app */,
			);
			name = Products;
			sourceTree = "<group>";
		};
		B4ADAFC51C3C08CA0044899B /* DrawingOnView */ = {
			isa = PBXGroup;
			children = (
				B4ADAFC61C3C08CB0044899B /* AppDelegate.h */,
				B4ADAFC71C3C08CB0044899B /* AppDelegate.m */,
				B4ADAFCC1C3C08CB0044899B /* Assets.xcassets */,
				B4ADAFCE1C3C08CB0044899B /* MainMenu.xib */,
				B4ADAFD11C3C08CB0044899B /* Info.plist */,
				B4ADAFC91C3C08CB0044899B /* Supporting Files */,
				B4ADAFD71C3C08FD0044899B /* CustomView.h */,
				B4ADAFD81C3C08FD0044899B /* CustomView.m */,
			);
			path = DrawingOnView;
			sourceTree = "<group>";
		};
		B4ADAFC91C3C08CB0044899B /* Supporting Files */ = {
			isa = PBXGroup;
			children = (
				B4ADAFCA1C3C08CB0044899B /* main.m */,
			);
			name = "Supporting Files";
			sourceTree = "<group>";
		};
/* End PBXGroup section */

/* Begin PBXNativeTarget section */
		B4ADAFC21C3C08CA0044899B /* DrawingOnView */ = {
			isa = PBXNativeTarget;
			buildConfigurationList = B4ADAFD41C3C08CB0044899B /* Build configuration list for PBXNativeTarget "DrawingOnView" */;
			buildPhases = (
				B4ADAFBF1C3C08CA0044899B /* Sources */,
				B4ADAFC01C3C08CA0044899B /* Frameworks */,
				B4ADAFC11C3C08CA0044899B /* Resources */,
			);
			buildRules = (
			);
			dependencies = (
			);
			name = DrawingOnView;
			productName = DrawingOnView;
			productReference = B4ADAFC31C3C08CA0044899B /* DrawingOnView.app */;
			productType = "com.apple.product-type.application";
		};
/* End PBXNativeTarget section */

/* Begin PBXProject section */
		B4ADAFBB1C3C08CA0044899B /* Project object */ = {
			isa = PBXProject;
			attributes = {
				LastUpgradeCheck = 0700;
				ORGANIZATIONNAME = DEVTYPE;
				TargetAttributes = {
					B4ADAFC21C3C08CA0044899B = {
						CreatedOnToolsVersion = 7.0;
					};
				};
			};
			buildConfigurationList = B4ADAFBE1C3C08CA0044899B /* Build configuration list for PBXProject "DrawingOnView" */;
			compatibilityVersion = "Xcode 3.2";
			developmentRegion = English;
			hasScannedForEncodings = 0;
			knownRegions = (
				en,
				Base,
			);
			mainGroup = B4ADAFBA1C3C08CA0044899B;
			productRefGroup = B4ADAFC41C3C08CA0044899B /* Products */;
			projectDirPath = "";
			projectRoot = "";
			targets = (
				B4ADAFC21C3C08CA0044899B /* DrawingOnView */,
			);
		};
/* End PBXProject section */

/* Begin PBXResourcesBuildPhase section */
		B4ADAFC11C3C08CA0044899B /* Resources */ = {
			isa = PBXResourcesBuildPhase;
			buildActionMask = 2147483647;
			files = (
				B4ADAFCD1C3C08CB0044899B /* Assets.xcassets in Resources */,
				B4ADAFD01C3C08CB0044899B /* MainMenu.xib in Resources */,
			);
			runOnlyForDeploymentPostprocessing = 0;
		};
/* End PBXResourcesBuildPhase section */

/* Begin PBXSourcesBuildPhase section */
		B4ADAFBF1C3C08CA0044899B /* Sources */ = {
			isa = PBXSourcesBuildPhase;
			buildActionMask = 2147483647;
			files = (
				B4ADAFCB1C3C08CB0044899B /* main.m in Sources */,
				B4ADAFC81C3C08CB0044899B /* AppDelegate.m in Sources */,
				B4ADAFD91C3C08FD0044899B /* CustomView.m in Sources */,
			);
			runOnlyForDeploymentPostprocessing = 0;
		};
/* End PBXSourcesBuildPhase section */

/* Begin PBXVariantGroup section */
		B4ADAFCE1C3C08CB0044899B /* MainMenu.xib */ = {
			isa = PBXVariantGroup;
			children = (
				B4ADAFCF1C3C08CB0044899B /* Base */,
			);
			name = MainMenu.xib;
			sourceTree = "<group>";
		};
/* End PBXVariantGroup section */

/* Begin XCBuildConfiguration section */
		B4ADAFD21C3C08CB0044899B /* Debug */ = {
			isa = XCBuildConfiguration;
			buildSettings = {
				ALWAYS_SEARCH_USER_PATHS = NO;
				CLANG_CXX_LANGUAGE_STANDARD = "gnu++0x";
				CLANG_CXX_LIBRARY = "libc++";
				CLANG_ENABLE_MODULES = YES;
				CLANG_ENABLE_OBJC_ARC = YES;
				CLANG_WARN_BOOL_CONVERSION = YES;
				CLANG_WARN_CONSTANT_CONVERSION = YES;
				CLANG_WARN_DIRECT_OBJC_ISA_USAGE = YES_ERROR;
				CLANG_WARN_EMPTY_BODY = YES;
				CLANG_WARN_ENUM_CONVERSION = YES;
				CLANG_WARN_INT_CONVERSION = YES;
				CLANG_WARN_OBJC_ROOT_CLASS = YES_ERROR;
				CLANG_WARN_UNREACHABLE_CODE = YES;
				CLANG_WARN__DUPLICATE_METHOD_MATCH = YES;
				CODE_SIGN_IDENTITY = "-";
				COPY_PHASE_STRIP = NO;
				DEBUG_INFORMATION_FORMAT = dwarf;
				ENABLE_STRICT_OBJC_MSGSEND = YES;
				ENABLE_TESTABILITY = YES;
				GCC_C_LANGUAGE_STANDARD = gnu99;
				GCC_DYNAMIC_NO_PIC = NO;
				GCC_NO_COMMON_BLOCKS = YES;
				GCC_OPTIMIZATION_LEVEL = 0;
				GCC_PREPROCESSOR_DEFINITIONS = (
					"DEBUG=1",
					"$(inherited)",
				);
				GCC_WARN_64_TO_32_BIT_CONVERSION = YES;
				GCC_WARN_ABOUT_RETURN_TYPE = YES_ERROR;
				GCC_WARN_UNDECLARED_SELECTOR = YES;
				GCC_WARN_UNINITIALIZED_AUTOS = YES_AGGRESSIVE;
				GCC_WARN_UNUSED_FUNCTION = YES;
				GCC_WARN_UNUSED_VARIABLE = YES;
				MACOSX_DEPLOYMENT_TARGET = 10.10;
				MTL_ENABLE_DEBUG_INFO = YES;
				ONLY_ACTIVE_ARCH = YES;
				SDKROOT = macosx;
			};
			name = Debug;
		};
		B4ADAFD31C3C08CB0044899B /* Release */ = {
			isa = XCBuildConfiguration;
			buildSettings = {
				ALWAYS_SEARCH_USER_PATHS = NO;
				CLANG_CXX_LANGUAGE_STANDARD = "gnu++0x";
				CLANG_CXX_LIBRARY = "libc++";
				CLANG_ENABLE_MODULES = YES;
				CLANG_ENABLE_OBJC_ARC = YES;
				CLANG_WARN_BOOL_CONVERSION = YES;
				CLANG_WARN_CONSTANT_CONVERSION = YES;
				CLANG_WARN_DIRECT_OBJC_ISA_USAGE = YES_ERROR;
				CLANG_WARN_EMPTY_BODY = YES;
				CLANG_WARN_ENUM_CONVERSION = YES;
				CLANG_WARN_INT_CONVERSION = YES;
				CLANG_WARN_OBJC_ROOT_CLASS = YES_ERROR;
				CLANG_WARN_UNREACHABLE_CODE = YES;
				CLANG_WARN__DUPLICATE_METHOD_MATCH = YES;
				CODE_SIGN_IDENTITY = "-";
				COPY_PHASE_STRIP = NO;
				DEBUG_INFORMATION_FORMAT = "dwarf-with-dsym";
				ENABLE_NS_ASSERTIONS = NO;
				ENABLE_STRICT_OBJC_MSGSEND = YES;
				GCC_C_LANGUAGE_STANDARD = gnu99;
				GCC_NO_COMMON_BLOCKS = YES;
				GCC_WARN_64_TO_32_BIT_CONVERSION = YES;
				GCC_WARN_ABOUT_RETURN_TYPE = YES_ERROR;
				GCC_WARN_UNDECLARED_SELECTOR = YES;
				GCC_WARN_UNINITIALIZED_AUTOS = YES_AGGRESSIVE;
				GCC_WARN_UNUSED_FUNCTION = YES;
				GCC_WARN_UNUSED_VARIABLE = YES;
				MACOSX_DEPLOYMENT_TARGET = 10.10;
				MTL_ENABLE_DEBUG_INFO = NO;
				SDKROOT = macosx;
			};
			name = Release;
		};
		B4ADAFD51C3C08CB0044899B /* Debug */ = {
			isa = XCBuildConfiguration;
			buildSettings = {
				ASSETCATALOG_COMPILER_APPICON_NAME = AppIcon;
				COMBINE_HIDPI_IMAGES = YES;
				INFOPLIST_FILE = DrawingOnView/Info.plist;
				LD_RUNPATH_SEARCH_PATHS = "$(inherited) @executable_path/../Frameworks";
				PRODUCT_BUNDLE_IDENTIFIER = com.blogspot.devtype.DrawingOnView;
				PRODUCT_NAME = "$(TARGET_NAME)";
			};
			name = Debug;
		};
		B4ADAFD61C3C08CB0044899B /* Release */ = {
			isa = XCBuildConfiguration;
			buildSettings = {
				ASSETCATALOG_COMPILER_APPICON_NAME = AppIcon;
				COMBINE_HIDPI_IMAGES = YES;
				INFOPLIST_FILE = DrawingOnView/Info.plist;
				LD_RUNPATH_SEARCH_PATHS = "$(inherited) @executable_path/../Frameworks";
				PRODUCT_BUNDLE_IDENTIFIER = com.blogspot.devtype.DrawingOnView;
				PRODUCT_NAME = "$(TARGET_NAME)";
			};
			name = Release;
		};
/* End XCBuildConfiguration section */

/* Begin XCConfigurationList section */
		B4ADAFBE1C3C08CA0044899B /* Build configuration list for PBXProject "DrawingOnView" */ = {
			isa = XCConfigurationList;
			buildConfigurations = (
				B4ADAFD21C3C08CB0044899B /* Debug */,
				B4ADAFD31C3C08CB0044899B /* Release */,
			);
			defaultConfigurationIsVisible = 0;
			defaultConfigurationName = Release;
		};
		B4ADAFD41C3C08CB0044899B /* Build configuration list for PBXNativeTarget "DrawingOnView" */ = {
			isa = XCConfigurationList;
			buildConfigurations = (
				B4ADAFD51C3C08CB0044899B /* Debug */,
				B4ADAFD61C3C08CB0044899B /* Release */,
			);
			defaultConfigurationIsVisible = 0;
		};
/* End XCConfigurationList section */
	};
	rootObject = B4ADAFBB1C3C08CA0044899B /* Project object */;
}
