// !$*UTF8*$!
{
	archiveVersion = 1;
	classes = {
	};
	objectVersion = 46;
	objects = {

/* Begin PBXBuildFile section */
		B46501CD1C5902580012B5AF /* AppDelegate.m in Sources */ = {isa = PBXBuildFile; fileRef = B46501CC1C5902580012B5AF /* AppDelegate.m */; };
		B46501D01C5902580012B5AF /* main.m in Sources */ = {isa = PBXBuildFile; fileRef = B46501CF1C5902580012B5AF /* main.m */; };
		B46501D21C5902580012B5AF /* Assets.xcassets in Resources */ = {isa = PBXBuildFile; fileRef = B46501D11C5902580012B5AF /* Assets.xcassets */; };
		B46501D51C5902580012B5AF /* MainMenu.xib in Resources */ = {isa = PBXBuildFile; fileRef = B46501D31C5902580012B5AF /* MainMenu.xib */; };
/* End PBXBuildFile section */

/* Begin PBXFileReference section */
		B46501C81C5902580012B5AF /* NSTreeController.app */ = {isa = PBXFileReference; explicitFileType = wrapper.application; includeInIndex = 0; path = NSTreeController.app; sourceTree = BUILT_PRODUCTS_DIR; };
		B46501CB1C5902580012B5AF /* AppDelegate.h */ = {isa = PBXFileReference; lastKnownFileType = sourcecode.c.h; path = AppDelegate.h; sourceTree = "<group>"; };
		B46501CC1C5902580012B5AF /* AppDelegate.m */ = {isa = PBXFileReference; lastKnownFileType = sourcecode.c.objc; path = AppDelegate.m; sourceTree = "<group>"; };
		B46501CF1C5902580012B5AF /* main.m */ = {isa = PBXFileReference; lastKnownFileType = sourcecode.c.objc; path = main.m; sourceTree = "<group>"; };
		B46501D11C5902580012B5AF /* Assets.xcassets */ = {isa = PBXFileReference; lastKnownFileType = folder.assetcatalog; path = Assets.xcassets; sourceTree = "<group>"; };
		B46501D41C5902580012B5AF /* Base */ = {isa = PBXFileReference; lastKnownFileType = file.xib; name = Base; path = Base.lproj/MainMenu.xib; sourceTree = "<group>"; };
		B46501D61C5902580012B5AF /* Info.plist */ = {isa = PBXFileReference; lastKnownFileType = text.plist.xml; path = Info.plist; sourceTree = "<group>"; };
/* End PBXFileReference section */

/* Begin PBXFrameworksBuildPhase section */
		B46501C51C5902580012B5AF /* Frameworks */ = {
			isa = PBXFrameworksBuildPhase;
			buildActionMask = 2147483647;
			files = (
			);
			runOnlyForDeploymentPostprocessing = 0;
		};
/* End PBXFrameworksBuildPhase section */

/* Begin PBXGroup section */
		B46501BF1C5902580012B5AF = {
			isa = PBXGroup;
			children = (
				B46501CA1C5902580012B5AF /* NSTreeController */,
				B46501C91C5902580012B5AF /* Products */,
			);
			sourceTree = "<group>";
		};
		B46501C91C5902580012B5AF /* Products */ = {
			isa = PBXGroup;
			children = (
				B46501C81C5902580012B5AF /* NSTreeController.app */,
			);
			name = Products;
			sourceTree = "<group>";
		};
		B46501CA1C5902580012B5AF /* NSTreeController */ = {
			isa = PBXGroup;
			children = (
				B46501CB1C5902580012B5AF /* AppDelegate.h */,
				B46501CC1C5902580012B5AF /* AppDelegate.m */,
				B46501D11C5902580012B5AF /* Assets.xcassets */,
				B46501D31C5902580012B5AF /* MainMenu.xib */,
				B46501D61C5902580012B5AF /* Info.plist */,
				B46501CE1C5902580012B5AF /* Supporting Files */,
			);
			path = NSTreeController;
			sourceTree = "<group>";
		};
		B46501CE1C5902580012B5AF /* Supporting Files */ = {
			isa = PBXGroup;
			children = (
				B46501CF1C5902580012B5AF /* main.m */,
			);
			name = "Supporting Files";
			sourceTree = "<group>";
		};
/* End PBXGroup section */

/* Begin PBXNativeTarget section */
		B46501C71C5902580012B5AF /* NSTreeController */ = {
			isa = PBXNativeTarget;
			buildConfigurationList = B46501D91C5902580012B5AF /* Build configuration list for PBXNativeTarget "NSTreeController" */;
			buildPhases = (
				B46501C41C5902580012B5AF /* Sources */,
				B46501C51C5902580012B5AF /* Frameworks */,
				B46501C61C5902580012B5AF /* Resources */,
			);
			buildRules = (
			);
			dependencies = (
			);
			name = NSTreeController;
			productName = NSTreeController;
			productReference = B46501C81C5902580012B5AF /* NSTreeController.app */;
			productType = "com.apple.product-type.application";
		};
/* End PBXNativeTarget section */

/* Begin PBXProject section */
		B46501C01C5902580012B5AF /* Project object */ = {
			isa = PBXProject;
			attributes = {
				LastUpgradeCheck = 0700;
				ORGANIZATIONNAME = DEVTYPE;
				TargetAttributes = {
					B46501C71C5902580012B5AF = {
						CreatedOnToolsVersion = 7.0;
					};
				};
			};
			buildConfigurationList = B46501C31C5902580012B5AF /* Build configuration list for PBXProject "NSTreeController" */;
			compatibilityVersion = "Xcode 3.2";
			developmentRegion = English;
			hasScannedForEncodings = 0;
			knownRegions = (
				en,
				Base,
			);
			mainGroup = B46501BF1C5902580012B5AF;
			productRefGroup = B46501C91C5902580012B5AF /* Products */;
			projectDirPath = "";
			projectRoot = "";
			targets = (
				B46501C71C5902580012B5AF /* NSTreeController */,
			);
		};
/* End PBXProject section */

/* Begin PBXResourcesBuildPhase section */
		B46501C61C5902580012B5AF /* Resources */ = {
			isa = PBXResourcesBuildPhase;
			buildActionMask = 2147483647;
			files = (
				B46501D21C5902580012B5AF /* Assets.xcassets in Resources */,
				B46501D51C5902580012B5AF /* MainMenu.xib in Resources */,
			);
			runOnlyForDeploymentPostprocessing = 0;
		};
/* End PBXResourcesBuildPhase section */

/* Begin PBXSourcesBuildPhase section */
		B46501C41C5902580012B5AF /* Sources */ = {
			isa = PBXSourcesBuildPhase;
			buildActionMask = 2147483647;
			files = (
				B46501D01C5902580012B5AF /* main.m in Sources */,
				B46501CD1C5902580012B5AF /* AppDelegate.m in Sources */,
			);
			runOnlyForDeploymentPostprocessing = 0;
		};
/* End PBXSourcesBuildPhase section */

/* Begin PBXVariantGroup section */
		B46501D31C5902580012B5AF /* MainMenu.xib */ = {
			isa = PBXVariantGroup;
			children = (
				B46501D41C5902580012B5AF /* Base */,
			);
			name = MainMenu.xib;
			sourceTree = "<group>";
		};
/* End PBXVariantGroup section */

/* Begin XCBuildConfiguration section */
		B46501D71C5902580012B5AF /* Debug */ = {
			isa = XCBuildConfiguration;
			buildSettings = {
				ALWAYS_SEARCH_USER_PATHS = NO;
				CLANG_CXX_LANGUAGE_STANDARD = "gnu++0x";
				CLANG_CXX_LIBRARY = "libc++";
				CLANG_ENABLE_MODULES = YES;
				CLANG_ENABLE_OBJC_ARC = YES;
				CLANG_WARN_BOOL_CONVERSION = YES;
				CLANG_WARN_CONSTANT_CONVERSION = YES;
				CLANG_WARN_DIRECT_OBJC_ISA_USAGE = YES_ERROR;
				CLANG_WARN_EMPTY_BODY = YES;
				CLANG_WARN_ENUM_CONVERSION = YES;
				CLANG_WARN_INT_CONVERSION = YES;
				CLANG_WARN_OBJC_ROOT_CLASS = YES_ERROR;
				CLANG_WARN_UNREACHABLE_CODE = YES;
				CLANG_WARN__DUPLICATE_METHOD_MATCH = YES;
				CODE_SIGN_IDENTITY = "-";
				COPY_PHASE_STRIP = NO;
				DEBUG_INFORMATION_FORMAT = dwarf;
				ENABLE_STRICT_OBJC_MSGSEND = YES;
				ENABLE_TESTABILITY = YES;
				GCC_C_LANGUAGE_STANDARD = gnu99;
				GCC_DYNAMIC_NO_PIC = NO;
				GCC_NO_COMMON_BLOCKS = YES;
				GCC_OPTIMIZATION_LEVEL = 0;
				GCC_PREPROCESSOR_DEFINITIONS = (
					"DEBUG=1",
					"$(inherited)",
				);
				GCC_WARN_64_TO_32_BIT_CONVERSION = YES;
				GCC_WARN_ABOUT_RETURN_TYPE = YES_ERROR;
				GCC_WARN_UNDECLARED_SELECTOR = YES;
				GCC_WARN_UNINITIALIZED_AUTOS = YES_AGGRESSIVE;
				GCC_WARN_UNUSED_FUNCTION = YES;
				GCC_WARN_UNUSED_VARIABLE = YES;
				MACOSX_DEPLOYMENT_TARGET = 10.10;
				MTL_ENABLE_DEBUG_INFO = YES;
				ONLY_ACTIVE_ARCH = YES;
				SDKROOT = macosx;
			};
			name = Debug;
		};
		B46501D81C5902580012B5AF /* Release */ = {
			isa = XCBuildConfiguration;
			buildSettings = {
				ALWAYS_SEARCH_USER_PATHS = NO;
				CLANG_CXX_LANGUAGE_STANDARD = "gnu++0x";
				CLANG_CXX_LIBRARY = "libc++";
				CLANG_ENABLE_MODULES = YES;
				CLANG_ENABLE_OBJC_ARC = YES;
				CLANG_WARN_BOOL_CONVERSION = YES;
				CLANG_WARN_CONSTANT_CONVERSION = YES;
				CLANG_WARN_DIRECT_OBJC_ISA_USAGE = YES_ERROR;
				CLANG_WARN_EMPTY_BODY = YES;
				CLANG_WARN_ENUM_CONVERSION = YES;
				CLANG_WARN_INT_CONVERSION = YES;
				CLANG_WARN_OBJC_ROOT_CLASS = YES_ERROR;
				CLANG_WARN_UNREACHABLE_CODE = YES;
				CLANG_WARN__DUPLICATE_METHOD_MATCH = YES;
				CODE_SIGN_IDENTITY = "-";
				COPY_PHASE_STRIP = NO;
				DEBUG_INFORMATION_FORMAT = "dwarf-with-dsym";
				ENABLE_NS_ASSERTIONS = NO;
				ENABLE_STRICT_OBJC_MSGSEND = YES;
				GCC_C_LANGUAGE_STANDARD = gnu99;
				GCC_NO_COMMON_BLOCKS = YES;
				GCC_WARN_64_TO_32_BIT_CONVERSION = YES;
				GCC_WARN_ABOUT_RETURN_TYPE = YES_ERROR;
				GCC_WARN_UNDECLARED_SELECTOR = YES;
				GCC_WARN_UNINITIALIZED_AUTOS = YES_AGGRESSIVE;
				GCC_WARN_UNUSED_FUNCTION = YES;
				GCC_WARN_UNUSED_VARIABLE = YES;
				MACOSX_DEPLOYMENT_TARGET = 10.10;
				MTL_ENABLE_DEBUG_INFO = NO;
				SDKROOT = macosx;
			};
			name = Release;
		};
		B46501DA1C5902580012B5AF /* Debug */ = {
			isa = XCBuildConfiguration;
			buildSettings = {
				ASSETCATALOG_COMPILER_APPICON_NAME = AppIcon;
				COMBINE_HIDPI_IMAGES = YES;
				INFOPLIST_FILE = NSTreeController/Info.plist;
				LD_RUNPATH_SEARCH_PATHS = "$(inherited) @executable_path/../Frameworks";
				PRODUCT_BUNDLE_IDENTIFIER = com.blogspot.devtype.NSTreeController;
				PRODUCT_NAME = "$(TARGET_NAME)";
			};
			name = Debug;
		};
		B46501DB1C5902580012B5AF /* Release */ = {
			isa = XCBuildConfiguration;
			buildSettings = {
				ASSETCATALOG_COMPILER_APPICON_NAME = AppIcon;
				COMBINE_HIDPI_IMAGES = YES;
				INFOPLIST_FILE = NSTreeController/Info.plist;
				LD_RUNPATH_SEARCH_PATHS = "$(inherited) @executable_path/../Frameworks";
				PRODUCT_BUNDLE_IDENTIFIER = com.blogspot.devtype.NSTreeController;
				PRODUCT_NAME = "$(TARGET_NAME)";
			};
			name = Release;
		};
/* End XCBuildConfiguration section */

/* Begin XCConfigurationList section */
		B46501C31C5902580012B5AF /* Build configuration list for PBXProject "NSTreeController" */ = {
			isa = XCConfigurationList;
			buildConfigurations = (
				B46501D71C5902580012B5AF /* Debug */,
				B46501D81C5902580012B5AF /* Release */,
			);
			defaultConfigurationIsVisible = 0;
			defaultConfigurationName = Release;
		};
		B46501D91C5902580012B5AF /* Build configuration list for PBXNativeTarget "NSTreeController" */ = {
			isa = XCConfigurationList;
			buildConfigurations = (
				B46501DA1C5902580012B5AF /* Debug */,
				B46501DB1C5902580012B5AF /* Release */,
			);
			defaultConfigurationIsVisible = 0;
		};
/* End XCConfigurationList section */
	};
	rootObject = B46501C01C5902580012B5AF /* Project object */;
}
