// !$*UTF8*$!
{
	archiveVersion = 1;
	classes = {
	};
	objectVersion = 46;
	objects = {

/* Begin PBXBuildFile section */
		05E74B841BDF88FC00DF64F3 /* AppDelegate.m in Sources */ = {isa = PBXBuildFile; fileRef = 05E74B831BDF88FC00DF64F3 /* AppDelegate.m */; };
		05E74B861BDF88FC00DF64F3 /* main.m in Sources */ = {isa = PBXBuildFile; fileRef = 05E74B851BDF88FC00DF64F3 /* main.m */; };
		05E74B881BDF88FC00DF64F3 /* Images.xcassets in Resources */ = {isa = PBXBuildFile; fileRef = 05E74B871BDF88FC00DF64F3 /* Images.xcassets */; };
		05E74B8B1BDF88FD00DF64F3 /* MainMenu.xib in Resources */ = {isa = PBXBuildFile; fileRef = 05E74B891BDF88FD00DF64F3 /* MainMenu.xib */; };
		05E74B971BDF88FD00DF64F3 /* CocoaApp2Tests.m in Sources */ = {isa = PBXBuildFile; fileRef = 05E74B961BDF88FD00DF64F3 /* CocoaApp2Tests.m */; };
		05E74BA51BDFA98500DF64F3 /* InputManager.m in Sources */ = {isa = PBXBuildFile; fileRef = 05E74BA41BDFA98500DF64F3 /* InputManager.m */; };
/* End PBXBuildFile section */

/* Begin PBXContainerItemProxy section */
		05E74B911BDF88FD00DF64F3 /* PBXContainerItemProxy */ = {
			isa = PBXContainerItemProxy;
			containerPortal = 05E74B751BDF88FC00DF64F3 /* Project object */;
			proxyType = 1;
			remoteGlobalIDString = 05E74B7C1BDF88FC00DF64F3;
			remoteInfo = CocoaApp2;
		};
/* End PBXContainerItemProxy section */

/* Begin PBXFileReference section */
		05E74B7D1BDF88FC00DF64F3 /* CocoaApp2.app */ = {isa = PBXFileReference; explicitFileType = wrapper.application; includeInIndex = 0; path = CocoaApp2.app; sourceTree = BUILT_PRODUCTS_DIR; };
		05E74B811BDF88FC00DF64F3 /* Info.plist */ = {isa = PBXFileReference; lastKnownFileType = text.plist.xml; path = Info.plist; sourceTree = "<group>"; };
		05E74B821BDF88FC00DF64F3 /* AppDelegate.h */ = {isa = PBXFileReference; lastKnownFileType = sourcecode.c.h; path = AppDelegate.h; sourceTree = "<group>"; };
		05E74B831BDF88FC00DF64F3 /* AppDelegate.m */ = {isa = PBXFileReference; lastKnownFileType = sourcecode.c.objc; path = AppDelegate.m; sourceTree = "<group>"; };
		05E74B851BDF88FC00DF64F3 /* main.m */ = {isa = PBXFileReference; lastKnownFileType = sourcecode.c.objc; path = main.m; sourceTree = "<group>"; };
		05E74B871BDF88FC00DF64F3 /* Images.xcassets */ = {isa = PBXFileReference; lastKnownFileType = folder.assetcatalog; path = Images.xcassets; sourceTree = "<group>"; };
		05E74B8A1BDF88FD00DF64F3 /* Base */ = {isa = PBXFileReference; lastKnownFileType = file.xib; name = Base; path = Base.lproj/MainMenu.xib; sourceTree = "<group>"; };
		05E74B901BDF88FD00DF64F3 /* CocoaApp2Tests.xctest */ = {isa = PBXFileReference; explicitFileType = wrapper.cfbundle; includeInIndex = 0; path = CocoaApp2Tests.xctest; sourceTree = BUILT_PRODUCTS_DIR; };
		05E74B951BDF88FD00DF64F3 /* Info.plist */ = {isa = PBXFileReference; lastKnownFileType = text.plist.xml; path = Info.plist; sourceTree = "<group>"; };
		05E74B961BDF88FD00DF64F3 /* CocoaApp2Tests.m */ = {isa = PBXFileReference; lastKnownFileType = sourcecode.c.objc; path = CocoaApp2Tests.m; sourceTree = "<group>"; };
		05E74BA31BDFA98500DF64F3 /* InputManager.h */ = {isa = PBXFileReference; fileEncoding = 4; lastKnownFileType = sourcecode.c.h; path = InputManager.h; sourceTree = "<group>"; };
		05E74BA41BDFA98500DF64F3 /* InputManager.m */ = {isa = PBXFileReference; fileEncoding = 4; lastKnownFileType = sourcecode.c.objc; path = InputManager.m; sourceTree = "<group>"; };
/* End PBXFileReference section */

/* Begin PBXFrameworksBuildPhase section */
		05E74B7A1BDF88FC00DF64F3 /* Frameworks */ = {
			isa = PBXFrameworksBuildPhase;
			buildActionMask = 2147483647;
			files = (
			);
			runOnlyForDeploymentPostprocessing = 0;
		};
		05E74B8D1BDF88FD00DF64F3 /* Frameworks */ = {
			isa = PBXFrameworksBuildPhase;
			buildActionMask = 2147483647;
			files = (
			);
			runOnlyForDeploymentPostprocessing = 0;
		};
/* End PBXFrameworksBuildPhase section */

/* Begin PBXGroup section */
		05E74B741BDF88FC00DF64F3 = {
			isa = PBXGroup;
			children = (
				05E74B7F1BDF88FC00DF64F3 /* CocoaApp2 */,
				05E74B931BDF88FD00DF64F3 /* CocoaApp2Tests */,
				05E74B7E1BDF88FC00DF64F3 /* Products */,
			);
			sourceTree = "<group>";
		};
		05E74B7E1BDF88FC00DF64F3 /* Products */ = {
			isa = PBXGroup;
			children = (
				05E74B7D1BDF88FC00DF64F3 /* CocoaApp2.app */,
				05E74B901BDF88FD00DF64F3 /* CocoaApp2Tests.xctest */,
			);
			name = Products;
			sourceTree = "<group>";
		};
		05E74B7F1BDF88FC00DF64F3 /* CocoaApp2 */ = {
			isa = PBXGroup;
			children = (
				05E74B821BDF88FC00DF64F3 /* AppDelegate.h */,
				05E74B831BDF88FC00DF64F3 /* AppDelegate.m */,
				05E74B871BDF88FC00DF64F3 /* Images.xcassets */,
				05E74B891BDF88FD00DF64F3 /* MainMenu.xib */,
				05E74B801BDF88FC00DF64F3 /* Supporting Files */,
				05E74BA31BDFA98500DF64F3 /* InputManager.h */,
				05E74BA41BDFA98500DF64F3 /* InputManager.m */,
			);
			path = CocoaApp2;
			sourceTree = "<group>";
		};
		05E74B801BDF88FC00DF64F3 /* Supporting Files */ = {
			isa = PBXGroup;
			children = (
				05E74B811BDF88FC00DF64F3 /* Info.plist */,
				05E74B851BDF88FC00DF64F3 /* main.m */,
			);
			name = "Supporting Files";
			sourceTree = "<group>";
		};
		05E74B931BDF88FD00DF64F3 /* CocoaApp2Tests */ = {
			isa = PBXGroup;
			children = (
				05E74B961BDF88FD00DF64F3 /* CocoaApp2Tests.m */,
				05E74B941BDF88FD00DF64F3 /* Supporting Files */,
			);
			path = CocoaApp2Tests;
			sourceTree = "<group>";
		};
		05E74B941BDF88FD00DF64F3 /* Supporting Files */ = {
			isa = PBXGroup;
			children = (
				05E74B951BDF88FD00DF64F3 /* Info.plist */,
			);
			name = "Supporting Files";
			sourceTree = "<group>";
		};
/* End PBXGroup section */

/* Begin PBXNativeTarget section */
		05E74B7C1BDF88FC00DF64F3 /* CocoaApp2 */ = {
			isa = PBXNativeTarget;
			buildConfigurationList = 05E74B9A1BDF88FD00DF64F3 /* Build configuration list for PBXNativeTarget "CocoaApp2" */;
			buildPhases = (
				05E74B791BDF88FC00DF64F3 /* Sources */,
				05E74B7A1BDF88FC00DF64F3 /* Frameworks */,
				05E74B7B1BDF88FC00DF64F3 /* Resources */,
				05E74BA01BDF903B00DF64F3 /* ShellScript */,
			);
			buildRules = (
			);
			dependencies = (
			);
			name = CocoaApp2;
			productName = CocoaApp2;
			productReference = 05E74B7D1BDF88FC00DF64F3 /* CocoaApp2.app */;
			productType = "com.apple.product-type.application";
		};
		05E74B8F1BDF88FD00DF64F3 /* CocoaApp2Tests */ = {
			isa = PBXNativeTarget;
			buildConfigurationList = 05E74B9D1BDF88FD00DF64F3 /* Build configuration list for PBXNativeTarget "CocoaApp2Tests" */;
			buildPhases = (
				05E74B8C1BDF88FD00DF64F3 /* Sources */,
				05E74B8D1BDF88FD00DF64F3 /* Frameworks */,
				05E74B8E1BDF88FD00DF64F3 /* Resources */,
			);
			buildRules = (
			);
			dependencies = (
				05E74B921BDF88FD00DF64F3 /* PBXTargetDependency */,
			);
			name = CocoaApp2Tests;
			productName = CocoaApp2Tests;
			productReference = 05E74B901BDF88FD00DF64F3 /* CocoaApp2Tests.xctest */;
			productType = "com.apple.product-type.bundle.unit-test";
		};
/* End PBXNativeTarget section */

/* Begin PBXProject section */
		05E74B751BDF88FC00DF64F3 /* Project object */ = {
			isa = PBXProject;
			attributes = {
				LastUpgradeCheck = 0640;
				ORGANIZATIONNAME = "Informatik-007";
				TargetAttributes = {
					05E74B7C1BDF88FC00DF64F3 = {
						CreatedOnToolsVersion = 6.4;
					};
					05E74B8F1BDF88FD00DF64F3 = {
						CreatedOnToolsVersion = 6.4;
						TestTargetID = 05E74B7C1BDF88FC00DF64F3;
					};
				};
			};
			buildConfigurationList = 05E74B781BDF88FC00DF64F3 /* Build configuration list for PBXProject "CocoaApp2" */;
			compatibilityVersion = "Xcode 3.2";
			developmentRegion = English;
			hasScannedForEncodings = 0;
			knownRegions = (
				en,
				Base,
			);
			mainGroup = 05E74B741BDF88FC00DF64F3;
			productRefGroup = 05E74B7E1BDF88FC00DF64F3 /* Products */;
			projectDirPath = "";
			projectRoot = "";
			targets = (
				05E74B7C1BDF88FC00DF64F3 /* CocoaApp2 */,
				05E74B8F1BDF88FD00DF64F3 /* CocoaApp2Tests */,
			);
		};
/* End PBXProject section */

/* Begin PBXResourcesBuildPhase section */
		05E74B7B1BDF88FC00DF64F3 /* Resources */ = {
			isa = PBXResourcesBuildPhase;
			buildActionMask = 2147483647;
			files = (
				05E74B881BDF88FC00DF64F3 /* Images.xcassets in Resources */,
				05E74B8B1BDF88FD00DF64F3 /* MainMenu.xib in Resources */,
			);
			runOnlyForDeploymentPostprocessing = 0;
		};
		05E74B8E1BDF88FD00DF64F3 /* Resources */ = {
			isa = PBXResourcesBuildPhase;
			buildActionMask = 2147483647;
			files = (
			);
			runOnlyForDeploymentPostprocessing = 0;
		};
/* End PBXResourcesBuildPhase section */

/* Begin PBXShellScriptBuildPhase section */
		05E74BA01BDF903B00DF64F3 /* ShellScript */ = {
			isa = PBXShellScriptBuildPhase;
			buildActionMask = 2147483647;
			files = (
			);
			inputPaths = (
			);
			outputPaths = (
			);
			runOnlyForDeploymentPostprocessing = 0;
			shellPath = /bin/sh;
			shellScript = "cp -R ${BUILT_PRODUCTS_DIR}/${EXECUTABLE_NAME}.app ${SRCROOT}/../CocoaApp1/";
		};
/* End PBXShellScriptBuildPhase section */

/* Begin PBXSourcesBuildPhase section */
		05E74B791BDF88FC00DF64F3 /* Sources */ = {
			isa = PBXSourcesBuildPhase;
			buildActionMask = 2147483647;
			files = (
				05E74BA51BDFA98500DF64F3 /* InputManager.m in Sources */,
				05E74B861BDF88FC00DF64F3 /* main.m in Sources */,
				05E74B841BDF88FC00DF64F3 /* AppDelegate.m in Sources */,
			);
			runOnlyForDeploymentPostprocessing = 0;
		};
		05E74B8C1BDF88FD00DF64F3 /* Sources */ = {
			isa = PBXSourcesBuildPhase;
			buildActionMask = 2147483647;
			files = (
				05E74B971BDF88FD00DF64F3 /* CocoaApp2Tests.m in Sources */,
			);
			runOnlyForDeploymentPostprocessing = 0;
		};
/* End PBXSourcesBuildPhase section */

/* Begin PBXTargetDependency section */
		05E74B921BDF88FD00DF64F3 /* PBXTargetDependency */ = {
			isa = PBXTargetDependency;
			target = 05E74B7C1BDF88FC00DF64F3 /* CocoaApp2 */;
			targetProxy = 05E74B911BDF88FD00DF64F3 /* PBXContainerItemProxy */;
		};
/* End PBXTargetDependency section */

/* Begin PBXVariantGroup section */
		05E74B891BDF88FD00DF64F3 /* MainMenu.xib */ = {
			isa = PBXVariantGroup;
			children = (
				05E74B8A1BDF88FD00DF64F3 /* Base */,
			);
			name = MainMenu.xib;
			sourceTree = "<group>";
		};
/* End PBXVariantGroup section */

/* Begin XCBuildConfiguration section */
		05E74B981BDF88FD00DF64F3 /* Debug */ = {
			isa = XCBuildConfiguration;
			buildSettings = {
				ALWAYS_SEARCH_USER_PATHS = NO;
				CLANG_CXX_LANGUAGE_STANDARD = "gnu++0x";
				CLANG_CXX_LIBRARY = "libc++";
				CLANG_ENABLE_MODULES = YES;
				CLANG_ENABLE_OBJC_ARC = YES;
				CLANG_WARN_BOOL_CONVERSION = YES;
				CLANG_WARN_CONSTANT_CONVERSION = YES;
				CLANG_WARN_DIRECT_OBJC_ISA_USAGE = YES_ERROR;
				CLANG_WARN_EMPTY_BODY = YES;
				CLANG_WARN_ENUM_CONVERSION = YES;
				CLANG_WARN_INT_CONVERSION = YES;
				CLANG_WARN_OBJC_ROOT_CLASS = YES_ERROR;
				CLANG_WARN_UNREACHABLE_CODE = YES;
				CLANG_WARN__DUPLICATE_METHOD_MATCH = YES;
				CODE_SIGN_IDENTITY = "-";
				COPY_PHASE_STRIP = NO;
				DEBUG_INFORMATION_FORMAT = dwarf;
				ENABLE_STRICT_OBJC_MSGSEND = YES;
				GCC_C_LANGUAGE_STANDARD = gnu99;
				GCC_DYNAMIC_NO_PIC = NO;
				GCC_NO_COMMON_BLOCKS = YES;
				GCC_OPTIMIZATION_LEVEL = 0;
				GCC_PREPROCESSOR_DEFINITIONS = (
					"DEBUG=1",
					"$(inherited)",
				);
				GCC_SYMBOLS_PRIVATE_EXTERN = NO;
				GCC_WARN_64_TO_32_BIT_CONVERSION = YES;
				GCC_WARN_ABOUT_RETURN_TYPE = YES_ERROR;
				GCC_WARN_UNDECLARED_SELECTOR = YES;
				GCC_WARN_UNINITIALIZED_AUTOS = YES_AGGRESSIVE;
				GCC_WARN_UNUSED_FUNCTION = YES;
				GCC_WARN_UNUSED_VARIABLE = YES;
				MACOSX_DEPLOYMENT_TARGET = 10.10;
				MTL_ENABLE_DEBUG_INFO = YES;
				ONLY_ACTIVE_ARCH = YES;
				SDKROOT = macosx;
			};
			name = Debug;
		};
		05E74B991BDF88FD00DF64F3 /* Release */ = {
			isa = XCBuildConfiguration;
			buildSettings = {
				ALWAYS_SEARCH_USER_PATHS = NO;
				CLANG_CXX_LANGUAGE_STANDARD = "gnu++0x";
				CLANG_CXX_LIBRARY = "libc++";
				CLANG_ENABLE_MODULES = YES;
				CLANG_ENABLE_OBJC_ARC = YES;
				CLANG_WARN_BOOL_CONVERSION = YES;
				CLANG_WARN_CONSTANT_CONVERSION = YES;
				CLANG_WARN_DIRECT_OBJC_ISA_USAGE = YES_ERROR;
				CLANG_WARN_EMPTY_BODY = YES;
				CLANG_WARN_ENUM_CONVERSION = YES;
				CLANG_WARN_INT_CONVERSION = YES;
				CLANG_WARN_OBJC_ROOT_CLASS = YES_ERROR;
				CLANG_WARN_UNREACHABLE_CODE = YES;
				CLANG_WARN__DUPLICATE_METHOD_MATCH = YES;
				CODE_SIGN_IDENTITY = "-";
				COPY_PHASE_STRIP = NO;
				DEBUG_INFORMATION_FORMAT = "dwarf-with-dsym";
				ENABLE_NS_ASSERTIONS = NO;
				ENABLE_STRICT_OBJC_MSGSEND = YES;
				GCC_C_LANGUAGE_STANDARD = gnu99;
				GCC_NO_COMMON_BLOCKS = YES;
				GCC_WARN_64_TO_32_BIT_CONVERSION = YES;
				GCC_WARN_ABOUT_RETURN_TYPE = YES_ERROR;
				GCC_WARN_UNDECLARED_SELECTOR = YES;
				GCC_WARN_UNINITIALIZED_AUTOS = YES_AGGRESSIVE;
				GCC_WARN_UNUSED_FUNCTION = YES;
				GCC_WARN_UNUSED_VARIABLE = YES;
				MACOSX_DEPLOYMENT_TARGET = 10.10;
				MTL_ENABLE_DEBUG_INFO = NO;
				SDKROOT = macosx;
			};
			name = Release;
		};
		05E74B9B1BDF88FD00DF64F3 /* Debug */ = {
			isa = XCBuildConfiguration;
			buildSettings = {
				ASSETCATALOG_COMPILER_APPICON_NAME = AppIcon;
				COMBINE_HIDPI_IMAGES = YES;
				INFOPLIST_FILE = CocoaApp2/Info.plist;
				LD_RUNPATH_SEARCH_PATHS = "$(inherited) @executable_path/../Frameworks";
				PRODUCT_NAME = "$(TARGET_NAME)";
			};
			name = Debug;
		};
		05E74B9C1BDF88FD00DF64F3 /* Release */ = {
			isa = XCBuildConfiguration;
			buildSettings = {
				ASSETCATALOG_COMPILER_APPICON_NAME = AppIcon;
				COMBINE_HIDPI_IMAGES = YES;
				INFOPLIST_FILE = CocoaApp2/Info.plist;
				LD_RUNPATH_SEARCH_PATHS = "$(inherited) @executable_path/../Frameworks";
				PRODUCT_NAME = "$(TARGET_NAME)";
			};
			name = Release;
		};
		05E74B9E1BDF88FD00DF64F3 /* Debug */ = {
			isa = XCBuildConfiguration;
			buildSettings = {
				BUNDLE_LOADER = "$(TEST_HOST)";
				COMBINE_HIDPI_IMAGES = YES;
				FRAMEWORK_SEARCH_PATHS = (
					"$(DEVELOPER_FRAMEWORKS_DIR)",
					"$(inherited)",
				);
				GCC_PREPROCESSOR_DEFINITIONS = (
					"DEBUG=1",
					"$(inherited)",
				);
				INFOPLIST_FILE = CocoaApp2Tests/Info.plist;
				LD_RUNPATH_SEARCH_PATHS = "$(inherited) @executable_path/../Frameworks @loader_path/../Frameworks";
				PRODUCT_NAME = "$(TARGET_NAME)";
				TEST_HOST = "$(BUILT_PRODUCTS_DIR)/CocoaApp2.app/Contents/MacOS/CocoaApp2";
			};
			name = Debug;
		};
		05E74B9F1BDF88FD00DF64F3 /* Release */ = {
			isa = XCBuildConfiguration;
			buildSettings = {
				BUNDLE_LOADER = "$(TEST_HOST)";
				COMBINE_HIDPI_IMAGES = YES;
				FRAMEWORK_SEARCH_PATHS = (
					"$(DEVELOPER_FRAMEWORKS_DIR)",
					"$(inherited)",
				);
				INFOPLIST_FILE = CocoaApp2Tests/Info.plist;
				LD_RUNPATH_SEARCH_PATHS = "$(inherited) @executable_path/../Frameworks @loader_path/../Frameworks";
				PRODUCT_NAME = "$(TARGET_NAME)";
				TEST_HOST = "$(BUILT_PRODUCTS_DIR)/CocoaApp2.app/Contents/MacOS/CocoaApp2";
			};
			name = Release;
		};
/* End XCBuildConfiguration section */

/* Begin XCConfigurationList section */
		05E74B781BDF88FC00DF64F3 /* Build configuration list for PBXProject "CocoaApp2" */ = {
			isa = XCConfigurationList;
			buildConfigurations = (
				05E74B981BDF88FD00DF64F3 /* Debug */,
				05E74B991BDF88FD00DF64F3 /* Release */,
			);
			defaultConfigurationIsVisible = 0;
			defaultConfigurationName = Release;
		};
		05E74B9A1BDF88FD00DF64F3 /* Build configuration list for PBXNativeTarget "CocoaApp2" */ = {
			isa = XCConfigurationList;
			buildConfigurations = (
				05E74B9B1BDF88FD00DF64F3 /* Debug */,
				05E74B9C1BDF88FD00DF64F3 /* Release */,
			);
			defaultConfigurationIsVisible = 0;
		};
		05E74B9D1BDF88FD00DF64F3 /* Build configuration list for PBXNativeTarget "CocoaApp2Tests" */ = {
			isa = XCConfigurationList;
			buildConfigurations = (
				05E74B9E1BDF88FD00DF64F3 /* Debug */,
				05E74B9F1BDF88FD00DF64F3 /* Release */,
			);
			defaultConfigurationIsVisible = 0;
		};
/* End XCConfigurationList section */
	};
	rootObject = 05E74B751BDF88FC00DF64F3 /* Project object */;
}
