// !$*UTF8*$!
{
	archiveVersion = 1;
	classes = {
	};
	objectVersion = 46;
	objects = {

/* Begin PBXBuildFile section */
		057B47091BEB8E620086351A /* AppDelegate.m in Sources */ = {isa = PBXBuildFile; fileRef = 057B47081BEB8E620086351A /* AppDelegate.m */; };
		057B470C1BEB8E620086351A /* main.m in Sources */ = {isa = PBXBuildFile; fileRef = 057B470B1BEB8E620086351A /* main.m */; };
		057B470E1BEB8E620086351A /* Assets.xcassets in Resources */ = {isa = PBXBuildFile; fileRef = 057B470D1BEB8E620086351A /* Assets.xcassets */; };
		057B47111BEB8E620086351A /* MainMenu.xib in Resources */ = {isa = PBXBuildFile; fileRef = 057B470F1BEB8E620086351A /* MainMenu.xib */; };
		057B471A1BEB8E8A0086351A /* Reachability.m in Sources */ = {isa = PBXBuildFile; fileRef = 057B47191BEB8E8A0086351A /* Reachability.m */; };
/* End PBXBuildFile section */

/* Begin PBXFileReference section */
		057B47041BEB8E620086351A /* ReachabilityMac.app */ = {isa = PBXFileReference; explicitFileType = wrapper.application; includeInIndex = 0; path = ReachabilityMac.app; sourceTree = BUILT_PRODUCTS_DIR; };
		057B47071BEB8E620086351A /* AppDelegate.h */ = {isa = PBXFileReference; lastKnownFileType = sourcecode.c.h; path = AppDelegate.h; sourceTree = "<group>"; };
		057B47081BEB8E620086351A /* AppDelegate.m */ = {isa = PBXFileReference; lastKnownFileType = sourcecode.c.objc; path = AppDelegate.m; sourceTree = "<group>"; };
		057B470B1BEB8E620086351A /* main.m */ = {isa = PBXFileReference; lastKnownFileType = sourcecode.c.objc; path = main.m; sourceTree = "<group>"; };
		057B470D1BEB8E620086351A /* Assets.xcassets */ = {isa = PBXFileReference; lastKnownFileType = folder.assetcatalog; path = Assets.xcassets; sourceTree = "<group>"; };
		057B47101BEB8E620086351A /* Base */ = {isa = PBXFileReference; lastKnownFileType = file.xib; name = Base; path = Base.lproj/MainMenu.xib; sourceTree = "<group>"; };
		057B47121BEB8E620086351A /* Info.plist */ = {isa = PBXFileReference; lastKnownFileType = text.plist.xml; path = Info.plist; sourceTree = "<group>"; };
		057B47181BEB8E8A0086351A /* Reachability.h */ = {isa = PBXFileReference; fileEncoding = 4; lastKnownFileType = sourcecode.c.h; path = Reachability.h; sourceTree = "<group>"; };
		057B47191BEB8E8A0086351A /* Reachability.m */ = {isa = PBXFileReference; fileEncoding = 4; lastKnownFileType = sourcecode.c.objc; path = Reachability.m; sourceTree = "<group>"; };
/* End PBXFileReference section */

/* Begin PBXFrameworksBuildPhase section */
		057B47011BEB8E620086351A /* Frameworks */ = {
			isa = PBXFrameworksBuildPhase;
			buildActionMask = 2147483647;
			files = (
			);
			runOnlyForDeploymentPostprocessing = 0;
		};
/* End PBXFrameworksBuildPhase section */

/* Begin PBXGroup section */
		057B46FB1BEB8E610086351A = {
			isa = PBXGroup;
			children = (
				057B47061BEB8E620086351A /* ReachabilityMac */,
				057B47051BEB8E620086351A /* Products */,
			);
			sourceTree = "<group>";
		};
		057B47051BEB8E620086351A /* Products */ = {
			isa = PBXGroup;
			children = (
				057B47041BEB8E620086351A /* ReachabilityMac.app */,
			);
			name = Products;
			sourceTree = "<group>";
		};
		057B47061BEB8E620086351A /* ReachabilityMac */ = {
			isa = PBXGroup;
			children = (
				057B47071BEB8E620086351A /* AppDelegate.h */,
				057B47081BEB8E620086351A /* AppDelegate.m */,
				057B470D1BEB8E620086351A /* Assets.xcassets */,
				057B470F1BEB8E620086351A /* MainMenu.xib */,
				057B47121BEB8E620086351A /* Info.plist */,
				057B470A1BEB8E620086351A /* Supporting Files */,
				057B47181BEB8E8A0086351A /* Reachability.h */,
				057B47191BEB8E8A0086351A /* Reachability.m */,
			);
			path = ReachabilityMac;
			sourceTree = "<group>";
		};
		057B470A1BEB8E620086351A /* Supporting Files */ = {
			isa = PBXGroup;
			children = (
				057B470B1BEB8E620086351A /* main.m */,
			);
			name = "Supporting Files";
			sourceTree = "<group>";
		};
/* End PBXGroup section */

/* Begin PBXNativeTarget section */
		057B47031BEB8E620086351A /* ReachabilityMac */ = {
			isa = PBXNativeTarget;
			buildConfigurationList = 057B47151BEB8E620086351A /* Build configuration list for PBXNativeTarget "ReachabilityMac" */;
			buildPhases = (
				057B47001BEB8E620086351A /* Sources */,
				057B47011BEB8E620086351A /* Frameworks */,
				057B47021BEB8E620086351A /* Resources */,
			);
			buildRules = (
			);
			dependencies = (
			);
			name = ReachabilityMac;
			productName = ReachabilityMac;
			productReference = 057B47041BEB8E620086351A /* ReachabilityMac.app */;
			productType = "com.apple.product-type.application";
		};
/* End PBXNativeTarget section */

/* Begin PBXProject section */
		057B46FC1BEB8E610086351A /* Project object */ = {
			isa = PBXProject;
			attributes = {
				LastUpgradeCheck = 0700;
				ORGANIZATIONNAME = "Informatik-007";
				TargetAttributes = {
					057B47031BEB8E620086351A = {
						CreatedOnToolsVersion = 7.0;
					};
				};
			};
			buildConfigurationList = 057B46FF1BEB8E610086351A /* Build configuration list for PBXProject "ReachabilityMac" */;
			compatibilityVersion = "Xcode 3.2";
			developmentRegion = English;
			hasScannedForEncodings = 0;
			knownRegions = (
				en,
				Base,
			);
			mainGroup = 057B46FB1BEB8E610086351A;
			productRefGroup = 057B47051BEB8E620086351A /* Products */;
			projectDirPath = "";
			projectRoot = "";
			targets = (
				057B47031BEB8E620086351A /* ReachabilityMac */,
			);
		};
/* End PBXProject section */

/* Begin PBXResourcesBuildPhase section */
		057B47021BEB8E620086351A /* Resources */ = {
			isa = PBXResourcesBuildPhase;
			buildActionMask = 2147483647;
			files = (
				057B470E1BEB8E620086351A /* Assets.xcassets in Resources */,
				057B47111BEB8E620086351A /* MainMenu.xib in Resources */,
			);
			runOnlyForDeploymentPostprocessing = 0;
		};
/* End PBXResourcesBuildPhase section */

/* Begin PBXSourcesBuildPhase section */
		057B47001BEB8E620086351A /* Sources */ = {
			isa = PBXSourcesBuildPhase;
			buildActionMask = 2147483647;
			files = (
				057B470C1BEB8E620086351A /* main.m in Sources */,
				057B471A1BEB8E8A0086351A /* Reachability.m in Sources */,
				057B47091BEB8E620086351A /* AppDelegate.m in Sources */,
			);
			runOnlyForDeploymentPostprocessing = 0;
		};
/* End PBXSourcesBuildPhase section */

/* Begin PBXVariantGroup section */
		057B470F1BEB8E620086351A /* MainMenu.xib */ = {
			isa = PBXVariantGroup;
			children = (
				057B47101BEB8E620086351A /* Base */,
			);
			name = MainMenu.xib;
			sourceTree = "<group>";
		};
/* End PBXVariantGroup section */

/* Begin XCBuildConfiguration section */
		057B47131BEB8E620086351A /* Debug */ = {
			isa = XCBuildConfiguration;
			buildSettings = {
				ALWAYS_SEARCH_USER_PATHS = NO;
				CLANG_CXX_LANGUAGE_STANDARD = "gnu++0x";
				CLANG_CXX_LIBRARY = "libc++";
				CLANG_ENABLE_MODULES = YES;
				CLANG_ENABLE_OBJC_ARC = YES;
				CLANG_WARN_BOOL_CONVERSION = YES;
				CLANG_WARN_CONSTANT_CONVERSION = YES;
				CLANG_WARN_DIRECT_OBJC_ISA_USAGE = YES_ERROR;
				CLANG_WARN_EMPTY_BODY = YES;
				CLANG_WARN_ENUM_CONVERSION = YES;
				CLANG_WARN_INT_CONVERSION = YES;
				CLANG_WARN_OBJC_ROOT_CLASS = YES_ERROR;
				CLANG_WARN_UNREACHABLE_CODE = YES;
				CLANG_WARN__DUPLICATE_METHOD_MATCH = YES;
				CODE_SIGN_IDENTITY = "-";
				COPY_PHASE_STRIP = NO;
				DEBUG_INFORMATION_FORMAT = dwarf;
				ENABLE_STRICT_OBJC_MSGSEND = YES;
				ENABLE_TESTABILITY = YES;
				GCC_C_LANGUAGE_STANDARD = gnu99;
				GCC_DYNAMIC_NO_PIC = NO;
				GCC_NO_COMMON_BLOCKS = YES;
				GCC_OPTIMIZATION_LEVEL = 0;
				GCC_PREPROCESSOR_DEFINITIONS = (
					"DEBUG=1",
					"$(inherited)",
				);
				GCC_WARN_64_TO_32_BIT_CONVERSION = YES;
				GCC_WARN_ABOUT_RETURN_TYPE = YES_ERROR;
				GCC_WARN_UNDECLARED_SELECTOR = YES;
				GCC_WARN_UNINITIALIZED_AUTOS = YES_AGGRESSIVE;
				GCC_WARN_UNUSED_FUNCTION = YES;
				GCC_WARN_UNUSED_VARIABLE = YES;
				MACOSX_DEPLOYMENT_TARGET = 10.10;
				MTL_ENABLE_DEBUG_INFO = YES;
				ONLY_ACTIVE_ARCH = YES;
				SDKROOT = macosx;
			};
			name = Debug;
		};
		057B47141BEB8E620086351A /* Release */ = {
			isa = XCBuildConfiguration;
			buildSettings = {
				ALWAYS_SEARCH_USER_PATHS = NO;
				CLANG_CXX_LANGUAGE_STANDARD = "gnu++0x";
				CLANG_CXX_LIBRARY = "libc++";
				CLANG_ENABLE_MODULES = YES;
				CLANG_ENABLE_OBJC_ARC = YES;
				CLANG_WARN_BOOL_CONVERSION = YES;
				CLANG_WARN_CONSTANT_CONVERSION = YES;
				CLANG_WARN_DIRECT_OBJC_ISA_USAGE = YES_ERROR;
				CLANG_WARN_EMPTY_BODY = YES;
				CLANG_WARN_ENUM_CONVERSION = YES;
				CLANG_WARN_INT_CONVERSION = YES;
				CLANG_WARN_OBJC_ROOT_CLASS = YES_ERROR;
				CLANG_WARN_UNREACHABLE_CODE = YES;
				CLANG_WARN__DUPLICATE_METHOD_MATCH = YES;
				CODE_SIGN_IDENTITY = "-";
				COPY_PHASE_STRIP = NO;
				DEBUG_INFORMATION_FORMAT = "dwarf-with-dsym";
				ENABLE_NS_ASSERTIONS = NO;
				ENABLE_STRICT_OBJC_MSGSEND = YES;
				GCC_C_LANGUAGE_STANDARD = gnu99;
				GCC_NO_COMMON_BLOCKS = YES;
				GCC_WARN_64_TO_32_BIT_CONVERSION = YES;
				GCC_WARN_ABOUT_RETURN_TYPE = YES_ERROR;
				GCC_WARN_UNDECLARED_SELECTOR = YES;
				GCC_WARN_UNINITIALIZED_AUTOS = YES_AGGRESSIVE;
				GCC_WARN_UNUSED_FUNCTION = YES;
				GCC_WARN_UNUSED_VARIABLE = YES;
				MACOSX_DEPLOYMENT_TARGET = 10.10;
				MTL_ENABLE_DEBUG_INFO = NO;
				SDKROOT = macosx;
			};
			name = Release;
		};
		057B47161BEB8E620086351A /* Debug */ = {
			isa = XCBuildConfiguration;
			buildSettings = {
				ASSETCATALOG_COMPILER_APPICON_NAME = AppIcon;
				COMBINE_HIDPI_IMAGES = YES;
				INFOPLIST_FILE = ReachabilityMac/Info.plist;
				LD_RUNPATH_SEARCH_PATHS = "$(inherited) @executable_path/../Frameworks";
				PRODUCT_BUNDLE_IDENTIFIER = "com.github.Informatik-007.ReachabilityMac";
				PRODUCT_NAME = "$(TARGET_NAME)";
			};
			name = Debug;
		};
		057B47171BEB8E620086351A /* Release */ = {
			isa = XCBuildConfiguration;
			buildSettings = {
				ASSETCATALOG_COMPILER_APPICON_NAME = AppIcon;
				COMBINE_HIDPI_IMAGES = YES;
				INFOPLIST_FILE = ReachabilityMac/Info.plist;
				LD_RUNPATH_SEARCH_PATHS = "$(inherited) @executable_path/../Frameworks";
				PRODUCT_BUNDLE_IDENTIFIER = "com.github.Informatik-007.ReachabilityMac";
				PRODUCT_NAME = "$(TARGET_NAME)";
			};
			name = Release;
		};
/* End XCBuildConfiguration section */

/* Begin XCConfigurationList section */
		057B46FF1BEB8E610086351A /* Build configuration list for PBXProject "ReachabilityMac" */ = {
			isa = XCConfigurationList;
			buildConfigurations = (
				057B47131BEB8E620086351A /* Debug */,
				057B47141BEB8E620086351A /* Release */,
			);
			defaultConfigurationIsVisible = 0;
			defaultConfigurationName = Release;
		};
		057B47151BEB8E620086351A /* Build configuration list for PBXNativeTarget "ReachabilityMac" */ = {
			isa = XCConfigurationList;
			buildConfigurations = (
				057B47161BEB8E620086351A /* Debug */,
				057B47171BEB8E620086351A /* Release */,
			);
			defaultConfigurationIsVisible = 0;
		};
/* End XCConfigurationList section */
	};
	rootObject = 057B46FC1BEB8E610086351A /* Project object */;
}
